// !$*UTF8*$!
{
	archiveVersion = 1;
	classes = {
	};
	objectVersion = 46;
	objects = {

/* Begin PBXBuildFile section */
		760A02DF1F0CC514006B048F /* MPDialog.swift in Sources */ = {isa = PBXBuildFile; fileRef = 760A02DE1F0CC514006B048F /* MPDialog.swift */; };
		760A02E11F0CDAC1006B048F /* MPProgressDialog.swift in Sources */ = {isa = PBXBuildFile; fileRef = 760A02E01F0CDAC1006B048F /* MPProgressDialog.swift */; };
		7621ED191F246FA5006A3A04 /* MPDialogProtocol.swift in Sources */ = {isa = PBXBuildFile; fileRef = 7621ED181F246FA5006A3A04 /* MPDialogProtocol.swift */; };
		763122551F03BFBE005C89D2 /* AppDelegate.swift in Sources */ = {isa = PBXBuildFile; fileRef = 763122541F03BFBE005C89D2 /* AppDelegate.swift */; };
		763122571F03BFBE005C89D2 /* ViewController.swift in Sources */ = {isa = PBXBuildFile; fileRef = 763122561F03BFBE005C89D2 /* ViewController.swift */; };
		7631225A1F03BFBE005C89D2 /* Main.storyboard in Resources */ = {isa = PBXBuildFile; fileRef = 763122581F03BFBE005C89D2 /* Main.storyboard */; };
		7631225C1F03BFBE005C89D2 /* Assets.xcassets in Resources */ = {isa = PBXBuildFile; fileRef = 7631225B1F03BFBE005C89D2 /* Assets.xcassets */; };
		7631225F1F03BFBE005C89D2 /* LaunchScreen.storyboard in Resources */ = {isa = PBXBuildFile; fileRef = 7631225D1F03BFBE005C89D2 /* LaunchScreen.storyboard */; };
		7631226A1F03BFBE005C89D2 /* MaterialPopupTests.swift in Sources */ = {isa = PBXBuildFile; fileRef = 763122691F03BFBE005C89D2 /* MaterialPopupTests.swift */; };
		763122751F03BFBE005C89D2 /* MaterialPopupUITests.swift in Sources */ = {isa = PBXBuildFile; fileRef = 763122741F03BFBE005C89D2 /* MaterialPopupUITests.swift */; };
/* End PBXBuildFile section */

/* Begin PBXContainerItemProxy section */
		763122661F03BFBE005C89D2 /* PBXContainerItemProxy */ = {
			isa = PBXContainerItemProxy;
			containerPortal = 763122491F03BFBE005C89D2 /* Project object */;
			proxyType = 1;
			remoteGlobalIDString = 763122501F03BFBE005C89D2;
			remoteInfo = MaterialPopup;
		};
		763122711F03BFBE005C89D2 /* PBXContainerItemProxy */ = {
			isa = PBXContainerItemProxy;
			containerPortal = 763122491F03BFBE005C89D2 /* Project object */;
			proxyType = 1;
			remoteGlobalIDString = 763122501F03BFBE005C89D2;
			remoteInfo = MaterialPopup;
		};
/* End PBXContainerItemProxy section */

/* Begin PBXFileReference section */
		760A02DE1F0CC514006B048F /* MPDialog.swift */ = {isa = PBXFileReference; fileEncoding = 4; lastKnownFileType = sourcecode.swift; path = MPDialog.swift; sourceTree = "<group>"; };
		760A02E01F0CDAC1006B048F /* MPProgressDialog.swift */ = {isa = PBXFileReference; fileEncoding = 4; lastKnownFileType = sourcecode.swift; path = MPProgressDialog.swift; sourceTree = "<group>"; };
		7621ED181F246FA5006A3A04 /* MPDialogProtocol.swift */ = {isa = PBXFileReference; fileEncoding = 4; lastKnownFileType = sourcecode.swift; path = MPDialogProtocol.swift; sourceTree = "<group>"; };
		763122511F03BFBE005C89D2 /* MaterialPopup.app */ = {isa = PBXFileReference; explicitFileType = wrapper.application; includeInIndex = 0; path = MaterialPopup.app; sourceTree = BUILT_PRODUCTS_DIR; };
		763122541F03BFBE005C89D2 /* AppDelegate.swift */ = {isa = PBXFileReference; lastKnownFileType = sourcecode.swift; path = AppDelegate.swift; sourceTree = "<group>"; };
		763122561F03BFBE005C89D2 /* ViewController.swift */ = {isa = PBXFileReference; lastKnownFileType = sourcecode.swift; path = ViewController.swift; sourceTree = "<group>"; };
		763122591F03BFBE005C89D2 /* Base */ = {isa = PBXFileReference; lastKnownFileType = file.storyboard; name = Base; path = Base.lproj/Main.storyboard; sourceTree = "<group>"; };
		7631225B1F03BFBE005C89D2 /* Assets.xcassets */ = {isa = PBXFileReference; lastKnownFileType = folder.assetcatalog; path = Assets.xcassets; sourceTree = "<group>"; };
		7631225E1F03BFBE005C89D2 /* Base */ = {isa = PBXFileReference; lastKnownFileType = file.storyboard; name = Base; path = Base.lproj/LaunchScreen.storyboard; sourceTree = "<group>"; };
		763122601F03BFBE005C89D2 /* Info.plist */ = {isa = PBXFileReference; lastKnownFileType = text.plist.xml; path = Info.plist; sourceTree = "<group>"; };
		763122651F03BFBE005C89D2 /* MaterialPopupTests.xctest */ = {isa = PBXFileReference; explicitFileType = wrapper.cfbundle; includeInIndex = 0; path = MaterialPopupTests.xctest; sourceTree = BUILT_PRODUCTS_DIR; };
		763122691F03BFBE005C89D2 /* MaterialPopupTests.swift */ = {isa = PBXFileReference; lastKnownFileType = sourcecode.swift; path = MaterialPopupTests.swift; sourceTree = "<group>"; };
		7631226B1F03BFBE005C89D2 /* Info.plist */ = {isa = PBXFileReference; lastKnownFileType = text.plist.xml; path = Info.plist; sourceTree = "<group>"; };
		763122701F03BFBE005C89D2 /* MaterialPopupUITests.xctest */ = {isa = PBXFileReference; explicitFileType = wrapper.cfbundle; includeInIndex = 0; path = MaterialPopupUITests.xctest; sourceTree = BUILT_PRODUCTS_DIR; };
		763122741F03BFBE005C89D2 /* MaterialPopupUITests.swift */ = {isa = PBXFileReference; lastKnownFileType = sourcecode.swift; path = MaterialPopupUITests.swift; sourceTree = "<group>"; };
		763122761F03BFBE005C89D2 /* Info.plist */ = {isa = PBXFileReference; lastKnownFileType = text.plist.xml; path = Info.plist; sourceTree = "<group>"; };
/* End PBXFileReference section */

/* Begin PBXFrameworksBuildPhase section */
		7631224E1F03BFBE005C89D2 /* Frameworks */ = {
			isa = PBXFrameworksBuildPhase;
			buildActionMask = 2147483647;
			files = (
			);
			runOnlyForDeploymentPostprocessing = 0;
		};
		763122621F03BFBE005C89D2 /* Frameworks */ = {
			isa = PBXFrameworksBuildPhase;
			buildActionMask = 2147483647;
			files = (
			);
			runOnlyForDeploymentPostprocessing = 0;
		};
		7631226D1F03BFBE005C89D2 /* Frameworks */ = {
			isa = PBXFrameworksBuildPhase;
			buildActionMask = 2147483647;
			files = (
			);
			runOnlyForDeploymentPostprocessing = 0;
		};
/* End PBXFrameworksBuildPhase section */

/* Begin PBXGroup section */
		760A02DD1F0CC4FE006B048F /* Sources */ = {
			isa = PBXGroup;
			children = (
				760A02DE1F0CC514006B048F /* MPDialog.swift */,
				760A02E01F0CDAC1006B048F /* MPProgressDialog.swift */,
				7621ED181F246FA5006A3A04 /* MPDialogProtocol.swift */,
			);
			name = Sources;
			sourceTree = "<group>";
		};
		763122481F03BFBE005C89D2 = {
			isa = PBXGroup;
			children = (
				763122531F03BFBE005C89D2 /* MaterialPopup */,
				763122681F03BFBE005C89D2 /* MaterialPopupTests */,
				763122731F03BFBE005C89D2 /* MaterialPopupUITests */,
				763122521F03BFBE005C89D2 /* Products */,
			);
			sourceTree = "<group>";
		};
		763122521F03BFBE005C89D2 /* Products */ = {
			isa = PBXGroup;
			children = (
				763122511F03BFBE005C89D2 /* MaterialPopup.app */,
				763122651F03BFBE005C89D2 /* MaterialPopupTests.xctest */,
				763122701F03BFBE005C89D2 /* MaterialPopupUITests.xctest */,
			);
			name = Products;
			sourceTree = "<group>";
		};
		763122531F03BFBE005C89D2 /* MaterialPopup */ = {
			isa = PBXGroup;
			children = (
				760A02DD1F0CC4FE006B048F /* Sources */,
				763122541F03BFBE005C89D2 /* AppDelegate.swift */,
				763122561F03BFBE005C89D2 /* ViewController.swift */,
				763122581F03BFBE005C89D2 /* Main.storyboard */,
				7631225B1F03BFBE005C89D2 /* Assets.xcassets */,
				7631225D1F03BFBE005C89D2 /* LaunchScreen.storyboard */,
				763122601F03BFBE005C89D2 /* Info.plist */,
			);
			path = MaterialPopup;
			sourceTree = "<group>";
		};
		763122681F03BFBE005C89D2 /* MaterialPopupTests */ = {
			isa = PBXGroup;
			children = (
				763122691F03BFBE005C89D2 /* MaterialPopupTests.swift */,
				7631226B1F03BFBE005C89D2 /* Info.plist */,
			);
			path = MaterialPopupTests;
			sourceTree = "<group>";
		};
		763122731F03BFBE005C89D2 /* MaterialPopupUITests */ = {
			isa = PBXGroup;
			children = (
				763122741F03BFBE005C89D2 /* MaterialPopupUITests.swift */,
				763122761F03BFBE005C89D2 /* Info.plist */,
			);
			path = MaterialPopupUITests;
			sourceTree = "<group>";
		};
/* End PBXGroup section */

/* Begin PBXNativeTarget section */
		763122501F03BFBE005C89D2 /* MaterialPopup */ = {
			isa = PBXNativeTarget;
			buildConfigurationList = 763122791F03BFBE005C89D2 /* Build configuration list for PBXNativeTarget "MaterialPopup" */;
			buildPhases = (
				7631224D1F03BFBE005C89D2 /* Sources */,
				7631224E1F03BFBE005C89D2 /* Frameworks */,
				7631224F1F03BFBE005C89D2 /* Resources */,
			);
			buildRules = (
			);
			dependencies = (
			);
			name = MaterialPopup;
			productName = MaterialPopup;
			productReference = 763122511F03BFBE005C89D2 /* MaterialPopup.app */;
			productType = "com.apple.product-type.application";
		};
		763122641F03BFBE005C89D2 /* MaterialPopupTests */ = {
			isa = PBXNativeTarget;
			buildConfigurationList = 7631227C1F03BFBE005C89D2 /* Build configuration list for PBXNativeTarget "MaterialPopupTests" */;
			buildPhases = (
				763122611F03BFBE005C89D2 /* Sources */,
				763122621F03BFBE005C89D2 /* Frameworks */,
				763122631F03BFBE005C89D2 /* Resources */,
			);
			buildRules = (
			);
			dependencies = (
				763122671F03BFBE005C89D2 /* PBXTargetDependency */,
			);
			name = MaterialPopupTests;
			productName = MaterialPopupTests;
			productReference = 763122651F03BFBE005C89D2 /* MaterialPopupTests.xctest */;
			productType = "com.apple.product-type.bundle.unit-test";
		};
		7631226F1F03BFBE005C89D2 /* MaterialPopupUITests */ = {
			isa = PBXNativeTarget;
			buildConfigurationList = 7631227F1F03BFBE005C89D2 /* Build configuration list for PBXNativeTarget "MaterialPopupUITests" */;
			buildPhases = (
				7631226C1F03BFBE005C89D2 /* Sources */,
				7631226D1F03BFBE005C89D2 /* Frameworks */,
				7631226E1F03BFBE005C89D2 /* Resources */,
			);
			buildRules = (
			);
			dependencies = (
				763122721F03BFBE005C89D2 /* PBXTargetDependency */,
			);
			name = MaterialPopupUITests;
			productName = MaterialPopupUITests;
			productReference = 763122701F03BFBE005C89D2 /* MaterialPopupUITests.xctest */;
			productType = "com.apple.product-type.bundle.ui-testing";
		};
/* End PBXNativeTarget section */

/* Begin PBXProject section */
		763122491F03BFBE005C89D2 /* Project object */ = {
			isa = PBXProject;
			attributes = {
				LastSwiftUpdateCheck = 0830;
				LastUpgradeCheck = 0830;
				ORGANIZATIONNAME = com;
				TargetAttributes = {
					763122501F03BFBE005C89D2 = {
						CreatedOnToolsVersion = 8.3.2;
						DevelopmentTeam = BRK4T3NF8C;
						ProvisioningStyle = Automatic;
					};
					763122641F03BFBE005C89D2 = {
						CreatedOnToolsVersion = 8.3.2;
						ProvisioningStyle = Automatic;
						TestTargetID = 763122501F03BFBE005C89D2;
					};
					7631226F1F03BFBE005C89D2 = {
						CreatedOnToolsVersion = 8.3.2;
						ProvisioningStyle = Automatic;
						TestTargetID = 763122501F03BFBE005C89D2;
					};
				};
			};
			buildConfigurationList = 7631224C1F03BFBE005C89D2 /* Build configuration list for PBXProject "MaterialPopup" */;
			compatibilityVersion = "Xcode 3.2";
			developmentRegion = English;
			hasScannedForEncodings = 0;
			knownRegions = (
				en,
				Base,
			);
			mainGroup = 763122481F03BFBE005C89D2;
			productRefGroup = 763122521F03BFBE005C89D2 /* Products */;
			projectDirPath = "";
			projectRoot = "";
			targets = (
				763122501F03BFBE005C89D2 /* MaterialPopup */,
				763122641F03BFBE005C89D2 /* MaterialPopupTests */,
				7631226F1F03BFBE005C89D2 /* MaterialPopupUITests */,
			);
		};
/* End PBXProject section */

/* Begin PBXResourcesBuildPhase section */
		7631224F1F03BFBE005C89D2 /* Resources */ = {
			isa = PBXResourcesBuildPhase;
			buildActionMask = 2147483647;
			files = (
				7631225F1F03BFBE005C89D2 /* LaunchScreen.storyboard in Resources */,
				7631225C1F03BFBE005C89D2 /* Assets.xcassets in Resources */,
				7631225A1F03BFBE005C89D2 /* Main.storyboard in Resources */,
			);
			runOnlyForDeploymentPostprocessing = 0;
		};
		763122631F03BFBE005C89D2 /* Resources */ = {
			isa = PBXResourcesBuildPhase;
			buildActionMask = 2147483647;
			files = (
			);
			runOnlyForDeploymentPostprocessing = 0;
		};
		7631226E1F03BFBE005C89D2 /* Resources */ = {
			isa = PBXResourcesBuildPhase;
			buildActionMask = 2147483647;
			files = (
			);
			runOnlyForDeploymentPostprocessing = 0;
		};
/* End PBXResourcesBuildPhase section */

/* Begin PBXSourcesBuildPhase section */
		7631224D1F03BFBE005C89D2 /* Sources */ = {
			isa = PBXSourcesBuildPhase;
			buildActionMask = 2147483647;
			files = (
				760A02DF1F0CC514006B048F /* MPDialog.swift in Sources */,
				7621ED191F246FA5006A3A04 /* MPDialogProtocol.swift in Sources */,
				763122571F03BFBE005C89D2 /* ViewController.swift in Sources */,
				763122551F03BFBE005C89D2 /* AppDelegate.swift in Sources */,
				760A02E11F0CDAC1006B048F /* MPProgressDialog.swift in Sources */,
			);
			runOnlyForDeploymentPostprocessing = 0;
		};
		763122611F03BFBE005C89D2 /* Sources */ = {
			isa = PBXSourcesBuildPhase;
			buildActionMask = 2147483647;
			files = (
				7631226A1F03BFBE005C89D2 /* MaterialPopupTests.swift in Sources */,
			);
			runOnlyForDeploymentPostprocessing = 0;
		};
		7631226C1F03BFBE005C89D2 /* Sources */ = {
			isa = PBXSourcesBuildPhase;
			buildActionMask = 2147483647;
			files = (
				763122751F03BFBE005C89D2 /* MaterialPopupUITests.swift in Sources */,
			);
			runOnlyForDeploymentPostprocessing = 0;
		};
/* End PBXSourcesBuildPhase section */

/* Begin PBXTargetDependency section */
		763122671F03BFBE005C89D2 /* PBXTargetDependency */ = {
			isa = PBXTargetDependency;
			target = 763122501F03BFBE005C89D2 /* MaterialPopup */;
			targetProxy = 763122661F03BFBE005C89D2 /* PBXContainerItemProxy */;
		};
		763122721F03BFBE005C89D2 /* PBXTargetDependency */ = {
			isa = PBXTargetDependency;
			target = 763122501F03BFBE005C89D2 /* MaterialPopup */;
			targetProxy = 763122711F03BFBE005C89D2 /* PBXContainerItemProxy */;
		};
/* End PBXTargetDependency section */

/* Begin PBXVariantGroup section */
		763122581F03BFBE005C89D2 /* Main.storyboard */ = {
			isa = PBXVariantGroup;
			children = (
				763122591F03BFBE005C89D2 /* Base */,
			);
			name = Main.storyboard;
			sourceTree = "<group>";
		};
		7631225D1F03BFBE005C89D2 /* LaunchScreen.storyboard */ = {
			isa = PBXVariantGroup;
			children = (
				7631225E1F03BFBE005C89D2 /* Base */,
			);
			name = LaunchScreen.storyboard;
			sourceTree = "<group>";
		};
/* End PBXVariantGroup section */

/* Begin XCBuildConfiguration section */
		763122771F03BFBE005C89D2 /* Debug */ = {
			isa = XCBuildConfiguration;
			buildSettings = {
				ALWAYS_SEARCH_USER_PATHS = NO;
				CLANG_ANALYZER_NONNULL = YES;
				CLANG_ANALYZER_NUMBER_OBJECT_CONVERSION = YES_AGGRESSIVE;
				CLANG_CXX_LANGUAGE_STANDARD = "gnu++0x";
				CLANG_CXX_LIBRARY = "libc++";
				CLANG_ENABLE_MODULES = YES;
				CLANG_ENABLE_OBJC_ARC = YES;
				CLANG_WARN_BOOL_CONVERSION = YES;
				CLANG_WARN_CONSTANT_CONVERSION = YES;
				CLANG_WARN_DIRECT_OBJC_ISA_USAGE = YES_ERROR;
				CLANG_WARN_DOCUMENTATION_COMMENTS = YES;
				CLANG_WARN_EMPTY_BODY = YES;
				CLANG_WARN_ENUM_CONVERSION = YES;
				CLANG_WARN_INFINITE_RECURSION = YES;
				CLANG_WARN_INT_CONVERSION = YES;
				CLANG_WARN_OBJC_ROOT_CLASS = YES_ERROR;
				CLANG_WARN_SUSPICIOUS_MOVE = YES;
				CLANG_WARN_UNREACHABLE_CODE = YES;
				CLANG_WARN__DUPLICATE_METHOD_MATCH = YES;
				"CODE_SIGN_IDENTITY[sdk=iphoneos*]" = "iPhone Developer";
				COPY_PHASE_STRIP = NO;
				DEBUG_INFORMATION_FORMAT = dwarf;
				ENABLE_STRICT_OBJC_MSGSEND = YES;
				ENABLE_TESTABILITY = YES;
				GCC_C_LANGUAGE_STANDARD = gnu99;
				GCC_DYNAMIC_NO_PIC = NO;
				GCC_NO_COMMON_BLOCKS = YES;
				GCC_OPTIMIZATION_LEVEL = 0;
				GCC_PREPROCESSOR_DEFINITIONS = (
					"DEBUG=1",
					"$(inherited)",
				);
				GCC_WARN_64_TO_32_BIT_CONVERSION = YES;
				GCC_WARN_ABOUT_RETURN_TYPE = YES_ERROR;
				GCC_WARN_UNDECLARED_SELECTOR = YES;
				GCC_WARN_UNINITIALIZED_AUTOS = YES_AGGRESSIVE;
				GCC_WARN_UNUSED_FUNCTION = YES;
				GCC_WARN_UNUSED_VARIABLE = YES;
				IPHONEOS_DEPLOYMENT_TARGET = 10.3;
				MTL_ENABLE_DEBUG_INFO = YES;
				ONLY_ACTIVE_ARCH = YES;
				SDKROOT = iphoneos;
				SWIFT_ACTIVE_COMPILATION_CONDITIONS = DEBUG;
				SWIFT_OPTIMIZATION_LEVEL = "-Onone";
				TARGETED_DEVICE_FAMILY = "1,2";
			};
			name = Debug;
		};
		763122781F03BFBE005C89D2 /* Release */ = {
			isa = XCBuildConfiguration;
			buildSettings = {
				ALWAYS_SEARCH_USER_PATHS = NO;
				CLANG_ANALYZER_NONNULL = YES;
				CLANG_ANALYZER_NUMBER_OBJECT_CONVERSION = YES_AGGRESSIVE;
				CLANG_CXX_LANGUAGE_STANDARD = "gnu++0x";
				CLANG_CXX_LIBRARY = "libc++";
				CLANG_ENABLE_MODULES = YES;
				CLANG_ENABLE_OBJC_ARC = YES;
				CLANG_WARN_BOOL_CONVERSION = YES;
				CLANG_WARN_CONSTANT_CONVERSION = YES;
				CLANG_WARN_DIRECT_OBJC_ISA_USAGE = YES_ERROR;
				CLANG_WARN_DOCUMENTATION_COMMENTS = YES;
				CLANG_WARN_EMPTY_BODY = YES;
				CLANG_WARN_ENUM_CONVERSION = YES;
				CLANG_WARN_INFINITE_RECURSION = YES;
				CLANG_WARN_INT_CONVERSION = YES;
				CLANG_WARN_OBJC_ROOT_CLASS = YES_ERROR;
				CLANG_WARN_SUSPICIOUS_MOVE = YES;
				CLANG_WARN_UNREACHABLE_CODE = YES;
				CLANG_WARN__DUPLICATE_METHOD_MATCH = YES;
				"CODE_SIGN_IDENTITY[sdk=iphoneos*]" = "iPhone Developer";
				COPY_PHASE_STRIP = NO;
				DEBUG_INFORMATION_FORMAT = "dwarf-with-dsym";
				ENABLE_NS_ASSERTIONS = NO;
				ENABLE_STRICT_OBJC_MSGSEND = YES;
				GCC_C_LANGUAGE_STANDARD = gnu99;
				GCC_NO_COMMON_BLOCKS = YES;
				GCC_WARN_64_TO_32_BIT_CONVERSION = YES;
				GCC_WARN_ABOUT_RETURN_TYPE = YES_ERROR;
				GCC_WARN_UNDECLARED_SELECTOR = YES;
				GCC_WARN_UNINITIALIZED_AUTOS = YES_AGGRESSIVE;
				GCC_WARN_UNUSED_FUNCTION = YES;
				GCC_WARN_UNUSED_VARIABLE = YES;
				IPHONEOS_DEPLOYMENT_TARGET = 10.3;
				MTL_ENABLE_DEBUG_INFO = NO;
				SDKROOT = iphoneos;
				SWIFT_OPTIMIZATION_LEVEL = "-Owholemodule";
				TARGETED_DEVICE_FAMILY = "1,2";
				VALIDATE_PRODUCT = YES;
			};
			name = Release;
		};
		7631227A1F03BFBE005C89D2 /* Debug */ = {
			isa = XCBuildConfiguration;
			buildSettings = {
				ASSETCATALOG_COMPILER_APPICON_NAME = AppIcon;
				DEVELOPMENT_TEAM = BRK4T3NF8C;
				INFOPLIST_FILE = MaterialPopup/Info.plist;
				LD_RUNPATH_SEARCH_PATHS = "$(inherited) @executable_path/Frameworks";
				PRODUCT_BUNDLE_IDENTIFIER = com.MaterialPopup;
				PRODUCT_NAME = "$(TARGET_NAME)";
				SWIFT_VERSION = 3.0;
			};
			name = Debug;
		};
		7631227B1F03BFBE005C89D2 /* Release */ = {
			isa = XCBuildConfiguration;
			buildSettings = {
				ASSETCATALOG_COMPILER_APPICON_NAME = AppIcon;
				DEVELOPMENT_TEAM = BRK4T3NF8C;
				INFOPLIST_FILE = MaterialPopup/Info.plist;
				LD_RUNPATH_SEARCH_PATHS = "$(inherited) @executable_path/Frameworks";
				PRODUCT_BUNDLE_IDENTIFIER = com.MaterialPopup;
				PRODUCT_NAME = "$(TARGET_NAME)";
				SWIFT_VERSION = 3.0;
			};
			name = Release;
		};
		7631227D1F03BFBE005C89D2 /* Debug */ = {
			isa = XCBuildConfiguration;
			buildSettings = {
				ALWAYS_EMBED_SWIFT_STANDARD_LIBRARIES = YES;
				BUNDLE_LOADER = "$(TEST_HOST)";
				INFOPLIST_FILE = MaterialPopupTests/Info.plist;
				LD_RUNPATH_SEARCH_PATHS = "$(inherited) @executable_path/Frameworks @loader_path/Frameworks";
				PRODUCT_BUNDLE_IDENTIFIER = com.MaterialPopupTests;
				PRODUCT_NAME = "$(TARGET_NAME)";
				SWIFT_VERSION = 3.0;
				TEST_HOST = "$(BUILT_PRODUCTS_DIR)/MaterialPopup.app/MaterialPopup";
			};
			name = Debug;
		};
		7631227E1F03BFBE005C89D2 /* Release */ = {
			isa = XCBuildConfiguration;
			buildSettings = {
				ALWAYS_EMBED_SWIFT_STANDARD_LIBRARIES = YES;
				BUNDLE_LOADER = "$(TEST_HOST)";
				INFOPLIST_FILE = MaterialPopupTests/Info.plist;
				LD_RUNPATH_SEARCH_PATHS = "$(inherited) @executable_path/Frameworks @loader_path/Frameworks";
				PRODUCT_BUNDLE_IDENTIFIER = com.MaterialPopupTests;
				PRODUCT_NAME = "$(TARGET_NAME)";
				SWIFT_VERSION = 3.0;
				TEST_HOST = "$(BUILT_PRODUCTS_DIR)/MaterialPopup.app/MaterialPopup";
			};
			name = Release;
		};
		763122801F03BFBE005C89D2 /* Debug */ = {
			isa = XCBuildConfiguration;
			buildSettings = {
				ALWAYS_EMBED_SWIFT_STANDARD_LIBRARIES = YES;
				INFOPLIST_FILE = MaterialPopupUITests/Info.plist;
				LD_RUNPATH_SEARCH_PATHS = "$(inherited) @executable_path/Frameworks @loader_path/Frameworks";
				PRODUCT_BUNDLE_IDENTIFIER = com.MaterialPopupUITests;
				PRODUCT_NAME = "$(TARGET_NAME)";
				SWIFT_VERSION = 3.0;
				TEST_TARGET_NAME = MaterialPopup;
			};
			name = Debug;
		};
		763122811F03BFBE005C89D2 /* Release */ = {
			isa = XCBuildConfiguration;
			buildSettings = {
				ALWAYS_EMBED_SWIFT_STANDARD_LIBRARIES = YES;
				INFOPLIST_FILE = MaterialPopupUITests/Info.plist;
				LD_RUNPATH_SEARCH_PATHS = "$(inherited) @executable_path/Frameworks @loader_path/Frameworks";
				PRODUCT_BUNDLE_IDENTIFIER = com.MaterialPopupUITests;
				PRODUCT_NAME = "$(TARGET_NAME)";
				SWIFT_VERSION = 3.0;
				TEST_TARGET_NAME = MaterialPopup;
			};
			name = Release;
		};
/* End XCBuildConfiguration section */

/* Begin XCConfigurationList section */
		7631224C1F03BFBE005C89D2 /* Build configuration list for PBXProject "MaterialPopup" */ = {
			isa = XCConfigurationList;
			buildConfigurations = (
				763122771F03BFBE005C89D2 /* Debug */,
				763122781F03BFBE005C89D2 /* Release */,
			);
			defaultConfigurationIsVisible = 0;
			defaultConfigurationName = Release;
		};
		763122791F03BFBE005C89D2 /* Build configuration list for PBXNativeTarget "MaterialPopup" */ = {
			isa = XCConfigurationList;
			buildConfigurations = (
				7631227A1F03BFBE005C89D2 /* Debug */,
				7631227B1F03BFBE005C89D2 /* Release */,
			);
			defaultConfigurationIsVisible = 0;
			defaultConfigurationName = Release;
		};
		7631227C1F03BFBE005C89D2 /* Build configuration list for PBXNativeTarget "MaterialPopupTests" */ = {
			isa = XCConfigurationList;
			buildConfigurations = (
				7631227D1F03BFBE005C89D2 /* Debug */,
				7631227E1F03BFBE005C89D2 /* Release */,
			);
			defaultConfigurationIsVisible = 0;
			defaultConfigurationName = Release;
		};
		7631227F1F03BFBE005C89D2 /* Build configuration list for PBXNativeTarget "MaterialPopupUITests" */ = {
			isa = XCConfigurationList;
			buildConfigurations = (
				763122801F03BFBE005C89D2 /* Debug */,
				763122811F03BFBE005C89D2 /* Release */,
			);
			defaultConfigurationIsVisible = 0;
			defaultConfigurationName = Release;
		};
/* End XCConfigurationList section */
	};
	rootObject = 763122491F03BFBE005C89D2 /* Project object */;
}
